
Microsoft Visual Studio Solution File, Format Version 12.00
Project("{FAE04EC0-301F-11D3-BF4B-00C04F79EFBC}") = "Nachweis0r", "Nachweis0r.csproj", "{D5CA14BD-E391-493E-BE95-D18BDAE21564}"
EndProject
Global
	GlobalSection(SolutionConfigurationPlatforms) = preSolution
		Debug|Any CPU = Debug|Any CPU
		Release|Any CPU = Release|Any CPU
	EndGlobalSection
	GlobalSection(ProjectConfigurationPlatforms) = postSolution
		{D5CA14BD-E391-493E-BE95-D18BDAE21564}.Debug|Any CPU.ActiveCfg = Debug|Any CPU
		{D5CA14BD-E391-493E-BE95-D18BDAE21564}.Debug|Any CPU.Build.0 = Debug|Any CPU
		{D5CA14BD-E391-493E-BE95-D18BDAE21564}.Release|Any CPU.ActiveCfg = Release|Any CPU
		{D5CA14BD-E391-493E-BE95-D18BDAE21564}.Release|Any CPU.Build.0 = Release|Any CPU
	EndGlobalSection
EndGlobal
